// !$*UTF8*$!
{
	archiveVersion = 1;
	classes = {
	};
	objectVersion = 55;
	objects = {

/* Begin PBXBuildFile section */
		81B88C2928A749610089B93C /* AppDelegate.m in Sources */ = {isa = PBXBuildFile; fileRef = 81B88C2828A749610089B93C /* AppDelegate.m */; };
		81B88C2C28A749610089B93C /* SceneDelegate.m in Sources */ = {isa = PBXBuildFile; fileRef = 81B88C2B28A749610089B93C /* SceneDelegate.m */; };
		81B88C2F28A749610089B93C /* ViewController.m in Sources */ = {isa = PBXBuildFile; fileRef = 81B88C2E28A749610089B93C /* ViewController.m */; };
		81B88C3228A749610089B93C /* Main.storyboard in Resources */ = {isa = PBXBuildFile; fileRef = 81B88C3028A749610089B93C /* Main.storyboard */; };
		81B88C3428A749630089B93C /* Assets.xcassets in Resources */ = {isa = PBXBuildFile; fileRef = 81B88C3328A749630089B93C /* Assets.xcassets */; };
		81B88C3728A749630089B93C /* LaunchScreen.storyboard in Resources */ = {isa = PBXBuildFile; fileRef = 81B88C3528A749630089B93C /* LaunchScreen.storyboard */; };
		81B88C3A28A749630089B93C /* main.m in Sources */ = {isa = PBXBuildFile; fileRef = 81B88C3928A749630089B93C /* main.m */; };
		81B88C4428A749630089B93C /* ACalculatorTests.m in Sources */ = {isa = PBXBuildFile; fileRef = 81B88C4328A749630089B93C /* ACalculatorTests.m */; };
		81B88C4E28A749630089B93C /* ACalculatorUITests.m in Sources */ = {isa = PBXBuildFile; fileRef = 81B88C4D28A749630089B93C /* ACalculatorUITests.m */; };
		81B88C5028A749630089B93C /* ACalculatorUITestsLaunchTests.m in Sources */ = {isa = PBXBuildFile; fileRef = 81B88C4F28A749630089B93C /* ACalculatorUITestsLaunchTests.m */; };
/* End PBXBuildFile section */

/* Begin PBXContainerItemProxy section */
		81B88C4028A749630089B93C /* PBXContainerItemProxy */ = {
			isa = PBXContainerItemProxy;
			containerPortal = 81B88C1C28A749610089B93C /* Project object */;
			proxyType = 1;
			remoteGlobalIDString = 81B88C2328A749610089B93C;
			remoteInfo = ACalculator;
		};
		81B88C4A28A749630089B93C /* PBXContainerItemProxy */ = {
			isa = PBXContainerItemProxy;
			containerPortal = 81B88C1C28A749610089B93C /* Project object */;
			proxyType = 1;
			remoteGlobalIDString = 81B88C2328A749610089B93C;
			remoteInfo = ACalculator;
		};
/* End PBXContainerItemProxy section */

/* Begin PBXFileReference section */
		81B88C2428A749610089B93C /* ACalculator.app */ = {isa = PBXFileReference; explicitFileType = wrapper.application; includeInIndex = 0; path = ACalculator.app; sourceTree = BUILT_PRODUCTS_DIR; };
		81B88C2728A749610089B93C /* AppDelegate.h */ = {isa = PBXFileReference; lastKnownFileType = sourcecode.c.h; path = AppDelegate.h; sourceTree = "<group>"; };
		81B88C2828A749610089B93C /* AppDelegate.m */ = {isa = PBXFileReference; lastKnownFileType = sourcecode.c.objc; path = AppDelegate.m; sourceTree = "<group>"; };
		81B88C2A28A749610089B93C /* SceneDelegate.h */ = {isa = PBXFileReference; lastKnownFileType = sourcecode.c.h; path = SceneDelegate.h; sourceTree = "<group>"; };
		81B88C2B28A749610089B93C /* SceneDelegate.m */ = {isa = PBXFileReference; lastKnownFileType = sourcecode.c.objc; path = SceneDelegate.m; sourceTree = "<group>"; };
		81B88C2D28A749610089B93C /* ViewController.h */ = {isa = PBXFileReference; lastKnownFileType = sourcecode.c.h; path = ViewController.h; sourceTree = "<group>"; };
		81B88C2E28A749610089B93C /* ViewController.m */ = {isa = PBXFileReference; lastKnownFileType = sourcecode.c.objc; path = ViewController.m; sourceTree = "<group>"; };
		81B88C3128A749610089B93C /* Base */ = {isa = PBXFileReference; lastKnownFileType = file.storyboard; name = Base; path = Base.lproj/Main.storyboard; sourceTree = "<group>"; };
		81B88C3328A749630089B93C /* Assets.xcassets */ = {isa = PBXFileReference; lastKnownFileType = folder.assetcatalog; path = Assets.xcassets; sourceTree = "<group>"; };
		81B88C3628A749630089B93C /* Base */ = {isa = PBXFileReference; lastKnownFileType = file.storyboard; name = Base; path = Base.lproj/LaunchScreen.storyboard; sourceTree = "<group>"; };
		81B88C3828A749630089B93C /* Info.plist */ = {isa = PBXFileReference; lastKnownFileType = text.plist.xml; path = Info.plist; sourceTree = "<group>"; };
		81B88C3928A749630089B93C /* main.m */ = {isa = PBXFileReference; lastKnownFileType = sourcecode.c.objc; path = main.m; sourceTree = "<group>"; };
		81B88C3F28A749630089B93C /* ACalculatorTests.xctest */ = {isa = PBXFileReference; explicitFileType = wrapper.cfbundle; includeInIndex = 0; path = ACalculatorTests.xctest; sourceTree = BUILT_PRODUCTS_DIR; };
		81B88C4328A749630089B93C /* ACalculatorTests.m */ = {isa = PBXFileReference; lastKnownFileType = sourcecode.c.objc; path = ACalculatorTests.m; sourceTree = "<group>"; };
		81B88C4928A749630089B93C /* ACalculatorUITests.xctest */ = {isa = PBXFileReference; explicitFileType = wrapper.cfbundle; includeInIndex = 0; path = ACalculatorUITests.xctest; sourceTree = BUILT_PRODUCTS_DIR; };
		81B88C4D28A749630089B93C /* ACalculatorUITests.m */ = {isa = PBXFileReference; lastKnownFileType = sourcecode.c.objc; path = ACalculatorUITests.m; sourceTree = "<group>"; };
		81B88C4F28A749630089B93C /* ACalculatorUITestsLaunchTests.m */ = {isa = PBXFileReference; lastKnownFileType = sourcecode.c.objc; path = ACalculatorUITestsLaunchTests.m; sourceTree = "<group>"; };
/* End PBXFileReference section */

/* Begin PBXFrameworksBuildPhase section */
		81B88C2128A749610089B93C /* Frameworks */ = {
			isa = PBXFrameworksBuildPhase;
			buildActionMask = 2147483647;
			files = (
			);
			runOnlyForDeploymentPostprocessing = 0;
		};
		81B88C3C28A749630089B93C /* Frameworks */ = {
			isa = PBXFrameworksBuildPhase;
			buildActionMask = 2147483647;
			files = (
			);
			runOnlyForDeploymentPostprocessing = 0;
		};
		81B88C4628A749630089B93C /* Frameworks */ = {
			isa = PBXFrameworksBuildPhase;
			buildActionMask = 2147483647;
			files = (
			);
			runOnlyForDeploymentPostprocessing = 0;
		};
/* End PBXFrameworksBuildPhase section */

/* Begin PBXGroup section */
		81B88C1B28A749610089B93C = {
			isa = PBXGroup;
			children = (
				81B88C2628A749610089B93C /* ACalculator */,
				81B88C4228A749630089B93C /* ACalculatorTests */,
				81B88C4C28A749630089B93C /* ACalculatorUITests */,
				81B88C2528A749610089B93C /* Products */,
			);
			sourceTree = "<group>";
		};
		81B88C2528A749610089B93C /* Products */ = {
			isa = PBXGroup;
			children = (
				81B88C2428A749610089B93C /* ACalculator.app */,
				81B88C3F28A749630089B93C /* ACalculatorTests.xctest */,
				81B88C4928A749630089B93C /* ACalculatorUITests.xctest */,
			);
			name = Products;
			sourceTree = "<group>";
		};
		81B88C2628A749610089B93C /* ACalculator */ = {
			isa = PBXGroup;
			children = (
				81B88C2728A749610089B93C /* AppDelegate.h */,
				81B88C2828A749610089B93C /* AppDelegate.m */,
				81B88C2A28A749610089B93C /* SceneDelegate.h */,
				81B88C2B28A749610089B93C /* SceneDelegate.m */,
				81B88C2D28A749610089B93C /* ViewController.h */,
				81B88C2E28A749610089B93C /* ViewController.m */,
				81B88C3028A749610089B93C /* Main.storyboard */,
				81B88C3328A749630089B93C /* Assets.xcassets */,
				81B88C3528A749630089B93C /* LaunchScreen.storyboard */,
				81B88C3828A749630089B93C /* Info.plist */,
				81B88C3928A749630089B93C /* main.m */,
			);
			path = ACalculator;
			sourceTree = "<group>";
		};
		81B88C4228A749630089B93C /* ACalculatorTests */ = {
			isa = PBXGroup;
			children = (
				81B88C4328A749630089B93C /* ACalculatorTests.m */,
			);
			path = ACalculatorTests;
			sourceTree = "<group>";
		};
		81B88C4C28A749630089B93C /* ACalculatorUITests */ = {
			isa = PBXGroup;
			children = (
				81B88C4D28A749630089B93C /* ACalculatorUITests.m */,
				81B88C4F28A749630089B93C /* ACalculatorUITestsLaunchTests.m */,
			);
			path = ACalculatorUITests;
			sourceTree = "<group>";
		};
/* End PBXGroup section */

/* Begin PBXNativeTarget section */
		81B88C2328A749610089B93C /* ACalculator */ = {
			isa = PBXNativeTarget;
			buildConfigurationList = 81B88C5328A749630089B93C /* Build configuration list for PBXNativeTarget "ACalculator" */;
			buildPhases = (
				81B88C2028A749610089B93C /* Sources */,
				81B88C2128A749610089B93C /* Frameworks */,
				81B88C2228A749610089B93C /* Resources */,
			);
			buildRules = (
			);
			dependencies = (
			);
			name = ACalculator;
			productName = ACalculator;
			productReference = 81B88C2428A749610089B93C /* ACalculator.app */;
			productType = "com.apple.product-type.application";
		};
		81B88C3E28A749630089B93C /* ACalculatorTests */ = {
			isa = PBXNativeTarget;
			buildConfigurationList = 81B88C5628A749630089B93C /* Build configuration list for PBXNativeTarget "ACalculatorTests" */;
			buildPhases = (
				81B88C3B28A749630089B93C /* Sources */,
				81B88C3C28A749630089B93C /* Frameworks */,
				81B88C3D28A749630089B93C /* Resources */,
			);
			buildRules = (
			);
			dependencies = (
				81B88C4128A749630089B93C /* PBXTargetDependency */,
			);
			name = ACalculatorTests;
			productName = ACalculatorTests;
			productReference = 81B88C3F28A749630089B93C /* ACalculatorTests.xctest */;
			productType = "com.apple.product-type.bundle.unit-test";
		};
		81B88C4828A749630089B93C /* ACalculatorUITests */ = {
			isa = PBXNativeTarget;
			buildConfigurationList = 81B88C5928A749630089B93C /* Build configuration list for PBXNativeTarget "ACalculatorUITests" */;
			buildPhases = (
				81B88C4528A749630089B93C /* Sources */,
				81B88C4628A749630089B93C /* Frameworks */,
				81B88C4728A749630089B93C /* Resources */,
			);
			buildRules = (
			);
			dependencies = (
				81B88C4B28A749630089B93C /* PBXTargetDependency */,
			);
			name = ACalculatorUITests;
			productName = ACalculatorUITests;
			productReference = 81B88C4928A749630089B93C /* ACalculatorUITests.xctest */;
			productType = "com.apple.product-type.bundle.ui-testing";
		};
/* End PBXNativeTarget section */

/* Begin PBXProject section */
		81B88C1C28A749610089B93C /* Project object */ = {
			isa = PBXProject;
			attributes = {
				BuildIndependentTargetsInParallel = 1;
				LastUpgradeCheck = 1320;
				TargetAttributes = {
					81B88C2328A749610089B93C = {
						CreatedOnToolsVersion = 13.2.1;
					};
					81B88C3E28A749630089B93C = {
						CreatedOnToolsVersion = 13.2.1;
						TestTargetID = 81B88C2328A749610089B93C;
					};
					81B88C4828A749630089B93C = {
						CreatedOnToolsVersion = 13.2.1;
						TestTargetID = 81B88C2328A749610089B93C;
					};
				};
			};
			buildConfigurationList = 81B88C1F28A749610089B93C /* Build configuration list for PBXProject "ACalculator" */;
			compatibilityVersion = "Xcode 13.0";
			developmentRegion = en;
			hasScannedForEncodings = 0;
			knownRegions = (
				en,
				Base,
			);
			mainGroup = 81B88C1B28A749610089B93C;
			productRefGroup = 81B88C2528A749610089B93C /* Products */;
			projectDirPath = "";
			projectRoot = "";
			targets = (
				81B88C2328A749610089B93C /* ACalculator */,
				81B88C3E28A749630089B93C /* ACalculatorTests */,
				81B88C4828A749630089B93C /* ACalculatorUITests */,
			);
		};
/* End PBXProject section */

/* Begin PBXResourcesBuildPhase section */
		81B88C2228A749610089B93C /* Resources */ = {
			isa = PBXResourcesBuildPhase;
			buildActionMask = 2147483647;
			files = (
				81B88C3728A749630089B93C /* LaunchScreen.storyboard in Resources */,
				81B88C3428A749630089B93C /* Assets.xcassets in Resources */,
				81B88C3228A749610089B93C /* Main.storyboard in Resources */,
			);
			runOnlyForDeploymentPostprocessing = 0;
		};
		81B88C3D28A749630089B93C /* Resources */ = {
			isa = PBXResourcesBuildPhase;
			buildActionMask = 2147483647;
			files = (
			);
			runOnlyForDeploymentPostprocessing = 0;
		};
		81B88C4728A749630089B93C /* Resources */ = {
			isa = PBXResourcesBuildPhase;
			buildActionMask = 2147483647;
			files = (
			);
			runOnlyForDeploymentPostprocessing = 0;
		};
/* End PBXResourcesBuildPhase section */

/* Begin PBXSourcesBuildPhase section */
		81B88C2028A749610089B93C /* Sources */ = {
			isa = PBXSourcesBuildPhase;
			buildActionMask = 2147483647;
			files = (
				81B88C2F28A749610089B93C /* ViewController.m in Sources */,
				81B88C2928A749610089B93C /* AppDelegate.m in Sources */,
				81B88C3A28A749630089B93C /* main.m in Sources */,
				81B88C2C28A749610089B93C /* SceneDelegate.m in Sources */,
			);
			runOnlyForDeploymentPostprocessing = 0;
		};
		81B88C3B28A749630089B93C /* Sources */ = {
			isa = PBXSourcesBuildPhase;
			buildActionMask = 2147483647;
			files = (
				81B88C4428A749630089B93C /* ACalculatorTests.m in Sources */,
			);
			runOnlyForDeploymentPostprocessing = 0;
		};
		81B88C4528A749630089B93C /* Sources */ = {
			isa = PBXSourcesBuildPhase;
			buildActionMask = 2147483647;
			files = (
				81B88C5028A749630089B93C /* ACalculatorUITestsLaunchTests.m in Sources */,
				81B88C4E28A749630089B93C /* ACalculatorUITests.m in Sources */,
			);
			runOnlyForDeploymentPostprocessing = 0;
		};
/* End PBXSourcesBuildPhase section */

/* Begin PBXTargetDependency section */
		81B88C4128A749630089B93C /* PBXTargetDependency */ = {
			isa = PBXTargetDependency;
			target = 81B88C2328A749610089B93C /* ACalculator */;
			targetProxy = 81B88C4028A749630089B93C /* PBXContainerItemProxy */;
		};
		81B88C4B28A749630089B93C /* PBXTargetDependency */ = {
			isa = PBXTargetDependency;
			target = 81B88C2328A749610089B93C /* ACalculator */;
			targetProxy = 81B88C4A28A749630089B93C /* PBXContainerItemProxy */;
		};
/* End PBXTargetDependency section */

/* Begin PBXVariantGroup section */
		81B88C3028A749610089B93C /* Main.storyboard */ = {
			isa = PBXVariantGroup;
			children = (
				81B88C3128A749610089B93C /* Base */,
			);
			name = Main.storyboard;
			sourceTree = "<group>";
		};
		81B88C3528A749630089B93C /* LaunchScreen.storyboard */ = {
			isa = PBXVariantGroup;
			children = (
				81B88C3628A749630089B93C /* Base */,
			);
			name = LaunchScreen.storyboard;
			sourceTree = "<group>";
		};
/* End PBXVariantGroup section */

/* Begin XCBuildConfiguration section */
		81B88C5128A749630089B93C /* Debug */ = {
			isa = XCBuildConfiguration;
			buildSettings = {
				ALWAYS_SEARCH_USER_PATHS = NO;
				CLANG_ANALYZER_NONNULL = YES;
				CLANG_ANALYZER_NUMBER_OBJECT_CONVERSION = YES_AGGRESSIVE;
				CLANG_CXX_LANGUAGE_STANDARD = "gnu++17";
				CLANG_CXX_LIBRARY = "libc++";
				CLANG_ENABLE_MODULES = YES;
				CLANG_ENABLE_OBJC_ARC = YES;
				CLANG_ENABLE_OBJC_WEAK = YES;
				CLANG_WARN_BLOCK_CAPTURE_AUTORELEASING = YES;
				CLANG_WARN_BOOL_CONVERSION = YES;
				CLANG_WARN_COMMA = YES;
				CLANG_WARN_CONSTANT_CONVERSION = YES;
				CLANG_WARN_DEPRECATED_OBJC_IMPLEMENTATIONS = YES;
				CLANG_WARN_DIRECT_OBJC_ISA_USAGE = YES_ERROR;
				CLANG_WARN_DOCUMENTATION_COMMENTS = YES;
				CLANG_WARN_EMPTY_BODY = YES;
				CLANG_WARN_ENUM_CONVERSION = YES;
				CLANG_WARN_INFINITE_RECURSION = YES;
				CLANG_WARN_INT_CONVERSION = YES;
				CLANG_WARN_NON_LITERAL_NULL_CONVERSION = YES;
				CLANG_WARN_OBJC_IMPLICIT_RETAIN_SELF = YES;
				CLANG_WARN_OBJC_LITERAL_CONVERSION = YES;
				CLANG_WARN_OBJC_ROOT_CLASS = YES_ERROR;
				CLANG_WARN_QUOTED_INCLUDE_IN_FRAMEWORK_HEADER = YES;
				CLANG_WARN_RANGE_LOOP_ANALYSIS = YES;
				CLANG_WARN_STRICT_PROTOTYPES = YES;
				CLANG_WARN_SUSPICIOUS_MOVE = YES;
				CLANG_WARN_UNGUARDED_AVAILABILITY = YES_AGGRESSIVE;
				CLANG_WARN_UNREACHABLE_CODE = YES;
				CLANG_WARN__DUPLICATE_METHOD_MATCH = YES;
				COPY_PHASE_STRIP = NO;
				DEBUG_INFORMATION_FORMAT = dwarf;
				ENABLE_STRICT_OBJC_MSGSEND = YES;
				ENABLE_TESTABILITY = YES;
				GCC_C_LANGUAGE_STANDARD = gnu11;
				GCC_DYNAMIC_NO_PIC = NO;
				GCC_NO_COMMON_BLOCKS = YES;
				GCC_OPTIMIZATION_LEVEL = 0;
				GCC_PREPROCESSOR_DEFINITIONS = (
					"DEBUG=1",
					"$(inherited)",
				);
				GCC_WARN_64_TO_32_BIT_CONVERSION = YES;
				GCC_WARN_ABOUT_RETURN_TYPE = YES_ERROR;
				GCC_WARN_UNDECLARED_SELECTOR = YES;
				GCC_WARN_UNINITIALIZED_AUTOS = YES_AGGRESSIVE;
				GCC_WARN_UNUSED_FUNCTION = YES;
				GCC_WARN_UNUSED_VARIABLE = YES;
				IPHONEOS_DEPLOYMENT_TARGET = 13.0;
				MTL_ENABLE_DEBUG_INFO = INCLUDE_SOURCE;
				MTL_FAST_MATH = YES;
				ONLY_ACTIVE_ARCH = YES;
				SDKROOT = iphoneos;
			};
			name = Debug;
		};
		81B88C5228A749630089B93C /* Release */ = {
			isa = XCBuildConfiguration;
			buildSettings = {
				ALWAYS_SEARCH_USER_PATHS = NO;
				CLANG_ANALYZER_NONNULL = YES;
				CLANG_ANALYZER_NUMBER_OBJECT_CONVERSION = YES_AGGRESSIVE;
				CLANG_CXX_LANGUAGE_STANDARD = "gnu++17";
				CLANG_CXX_LIBRARY = "libc++";
				CLANG_ENABLE_MODULES = YES;
				CLANG_ENABLE_OBJC_ARC = YES;
				CLANG_ENABLE_OBJC_WEAK = YES;
				CLANG_WARN_BLOCK_CAPTURE_AUTORELEASING = YES;
				CLANG_WARN_BOOL_CONVERSION = YES;
				CLANG_WARN_COMMA = YES;
				CLANG_WARN_CONSTANT_CONVERSION = YES;
				CLANG_WARN_DEPRECATED_OBJC_IMPLEMENTATIONS = YES;
				CLANG_WARN_DIRECT_OBJC_ISA_USAGE = YES_ERROR;
				CLANG_WARN_DOCUMENTATION_COMMENTS = YES;
				CLANG_WARN_EMPTY_BODY = YES;
				CLANG_WARN_ENUM_CONVERSION = YES;
				CLANG_WARN_INFINITE_RECURSION = YES;
				CLANG_WARN_INT_CONVERSION = YES;
				CLANG_WARN_NON_LITERAL_NULL_CONVERSION = YES;
				CLANG_WARN_OBJC_IMPLICIT_RETAIN_SELF = YES;
				CLANG_WARN_OBJC_LITERAL_CONVERSION = YES;
				CLANG_WARN_OBJC_ROOT_CLASS = YES_ERROR;
				CLANG_WARN_QUOTED_INCLUDE_IN_FRAMEWORK_HEADER = YES;
				CLANG_WARN_RANGE_LOOP_ANALYSIS = YES;
				CLANG_WARN_STRICT_PROTOTYPES = YES;
				CLANG_WARN_SUSPICIOUS_MOVE = YES;
				CLANG_WARN_UNGUARDED_AVAILABILITY = YES_AGGRESSIVE;
				CLANG_WARN_UNREACHABLE_CODE = YES;
				CLANG_WARN__DUPLICATE_METHOD_MATCH = YES;
				COPY_PHASE_STRIP = NO;
				DEBUG_INFORMATION_FORMAT = "dwarf-with-dsym";
				ENABLE_NS_ASSERTIONS = NO;
				ENABLE_STRICT_OBJC_MSGSEND = YES;
				GCC_C_LANGUAGE_STANDARD = gnu11;
				GCC_NO_COMMON_BLOCKS = YES;
				GCC_WARN_64_TO_32_BIT_CONVERSION = YES;
				GCC_WARN_ABOUT_RETURN_TYPE = YES_ERROR;
				GCC_WARN_UNDECLARED_SELECTOR = YES;
				GCC_WARN_UNINITIALIZED_AUTOS = YES_AGGRESSIVE;
				GCC_WARN_UNUSED_FUNCTION = YES;
				GCC_WARN_UNUSED_VARIABLE = YES;
				IPHONEOS_DEPLOYMENT_TARGET = 13.0;
				MTL_ENABLE_DEBUG_INFO = NO;
				MTL_FAST_MATH = YES;
				SDKROOT = iphoneos;
				VALIDATE_PRODUCT = YES;
			};
			name = Release;
		};
		81B88C5428A749630089B93C /* Debug */ = {
			isa = XCBuildConfiguration;
			buildSettings = {
				ASSETCATALOG_COMPILER_APPICON_NAME = AppIcon;
				ASSETCATALOG_COMPILER_GLOBAL_ACCENT_COLOR_NAME = AccentColor;
				CODE_SIGN_STYLE = Automatic;
				CURRENT_PROJECT_VERSION = 1;
				DEVELOPMENT_TEAM = 5F24R2G835;
				GENERATE_INFOPLIST_FILE = YES;
				INFOPLIST_FILE = ACalculator/Info.plist;
				INFOPLIST_KEY_UIApplicationSupportsIndirectInputEvents = YES;
				INFOPLIST_KEY_UILaunchStoryboardName = LaunchScreen;
				INFOPLIST_KEY_UIMainStoryboardFile = Main;
				INFOPLIST_KEY_UISupportedInterfaceOrientations_iPad = "UIInterfaceOrientationPortrait UIInterfaceOrientationPortraitUpsideDown UIInterfaceOrientationLandscapeLeft UIInterfaceOrientationLandscapeRight";
				INFOPLIST_KEY_UISupportedInterfaceOrientations_iPhone = "UIInterfaceOrientationPortrait UIInterfaceOrientationLandscapeLeft UIInterfaceOrientationLandscapeRight";
				LD_RUNPATH_SEARCH_PATHS = (
					"$(inherited)",
					"@executable_path/Frameworks",
				);
				MARKETING_VERSION = 1.0;
				PRODUCT_BUNDLE_IDENTIFIER = zzyong.ACalculator;
				PRODUCT_NAME = "$(TARGET_NAME)";
				SWIFT_EMIT_LOC_STRINGS = YES;
				TARGETED_DEVICE_FAMILY = "1,2";
			};
			name = Debug;
		};
		81B88C5528A749630089B93C /* Release */ = {
			isa = XCBuildConfiguration;
			buildSettings = {
				ASSETCATALOG_COMPILER_APPICON_NAME = AppIcon;
				ASSETCATALOG_COMPILER_GLOBAL_ACCENT_COLOR_NAME = AccentColor;
				CODE_SIGN_STYLE = Automatic;
				CURRENT_PROJECT_VERSION = 1;
				DEVELOPMENT_TEAM = 5F24R2G835;
				GENERATE_INFOPLIST_FILE = YES;
				INFOPLIST_FILE = ACalculator/Info.plist;
				INFOPLIST_KEY_UIApplicationSupportsIndirectInputEvents = YES;
				INFOPLIST_KEY_UILaunchStoryboardName = LaunchScreen;
				INFOPLIST_KEY_UIMainStoryboardFile = Main;
				INFOPLIST_KEY_UISupportedInterfaceOrientations_iPad = "UIInterfaceOrientationPortrait UIInterfaceOrientationPortraitUpsideDown UIInterfaceOrientationLandscapeLeft UIInterfaceOrientationLandscapeRight";
				INFOPLIST_KEY_UISupportedInterfaceOrientations_iPhone = "UIInterfaceOrientationPortrait UIInterfaceOrientationLandscapeLeft UIInterfaceOrientationLandscapeRight";
				LD_RUNPATH_SEARCH_PATHS = (
					"$(inherited)",
					"@executable_path/Frameworks",
				);
				MARKETING_VERSION = 1.0;
				PRODUCT_BUNDLE_IDENTIFIER = zzyong.ACalculator;
				PRODUCT_NAME = "$(TARGET_NAME)";
				SWIFT_EMIT_LOC_STRINGS = YES;
				TARGETED_DEVICE_FAMILY = "1,2";
			};
			name = Release;
		};
		81B88C5728A749630089B93C /* Debug */ = {
			isa = XCBuildConfiguration;
			buildSettings = {
				BUNDLE_LOADER = "$(TEST_HOST)";
				CODE_SIGN_STYLE = Automatic;
				CURRENT_PROJECT_VERSION = 1;
				DEVELOPMENT_TEAM = 5F24R2G835;
				GENERATE_INFOPLIST_FILE = YES;
				IPHONEOS_DEPLOYMENT_TARGET = 15.2;
				MARKETING_VERSION = 1.0;
				PRODUCT_BUNDLE_IDENTIFIER = zzyong.ACalculatorTests;
				PRODUCT_NAME = "$(TARGET_NAME)";
				SWIFT_EMIT_LOC_STRINGS = NO;
				TARGETED_DEVICE_FAMILY = "1,2";
				TEST_HOST = "$(BUILT_PRODUCTS_DIR)/ACalculator.app/ACalculator";
			};
			name = Debug;
		};
		81B88C5828A749630089B93C /* Release */ = {
			isa = XCBuildConfiguration;
			buildSettings = {
				BUNDLE_LOADER = "$(TEST_HOST)";
				CODE_SIGN_STYLE = Automatic;
				CURRENT_PROJECT_VERSION = 1;
				DEVELOPMENT_TEAM = 5F24R2G835;
				GENERATE_INFOPLIST_FILE = YES;
				IPHONEOS_DEPLOYMENT_TARGET = 15.2;
				MARKETING_VERSION = 1.0;
				PRODUCT_BUNDLE_IDENTIFIER = zzyong.ACalculatorTests;
				PRODUCT_NAME = "$(TARGET_NAME)";
				SWIFT_EMIT_LOC_STRINGS = NO;
				TARGETED_DEVICE_FAMILY = "1,2";
				TEST_HOST = "$(BUILT_PRODUCTS_DIR)/ACalculator.app/ACalculator";
			};
			name = Release;
		};
		81B88C5A28A749630089B93C /* Debug */ = {
			isa = XCBuildConfiguration;
			buildSettings = {
				CODE_SIGN_STYLE = Automatic;
				CURRENT_PROJECT_VERSION = 1;
				DEVELOPMENT_TEAM = 5F24R2G835;
				GENERATE_INFOPLIST_FILE = YES;
				MARKETING_VERSION = 1.0;
				PRODUCT_BUNDLE_IDENTIFIER = zzyong.ACalculatorUITests;
				PRODUCT_NAME = "$(TARGET_NAME)";
				SWIFT_EMIT_LOC_STRINGS = NO;
				TARGETED_DEVICE_FAMILY = "1,2";
				TEST_TARGET_NAME = ACalculator;
			};
			name = Debug;
		};
		81B88C5B28A749630089B93C /* Release */ = {
			isa = XCBuildConfiguration;
			buildSettings = {
				CODE_SIGN_STYLE = Automatic;
				CURRENT_PROJECT_VERSION = 1;
				DEVELOPMENT_TEAM = 5F24R2G835;
				GENERATE_INFOPLIST_FILE = YES;
				MARKETING_VERSION = 1.0;
				PRODUCT_BUNDLE_IDENTIFIER = zzyong.ACalculatorUITests;
				PRODUCT_NAME = "$(TARGET_NAME)";
				SWIFT_EMIT_LOC_STRINGS = NO;
				TARGETED_DEVICE_FAMILY = "1,2";
				TEST_TARGET_NAME = ACalculator;
			};
			name = Release;
		};
/* End XCBuildConfiguration section */

/* Begin XCConfigurationList section */
		81B88C1F28A749610089B93C /* Build configuration list for PBXProject "ACalculator" */ = {
			isa = XCConfigurationList;
			buildConfigurations = (
				81B88C5128A749630089B93C /* Debug */,
				81B88C5228A749630089B93C /* Release */,
			);
			defaultConfigurationIsVisible = 0;
			defaultConfigurationName = Release;
		};
		81B88C5328A749630089B93C /* Build configuration list for PBXNativeTarget "ACalculator" */ = {
			isa = XCConfigurationList;
			buildConfigurations = (
				81B88C5428A749630089B93C /* Debug */,
				81B88C5528A749630089B93C /* Release */,
			);
			defaultConfigurationIsVisible = 0;
			defaultConfigurationName = Release;
		};
		81B88C5628A749630089B93C /* Build configuration list for PBXNativeTarget "ACalculatorTests" */ = {
			isa = XCConfigurationList;
			buildConfigurations = (
				81B88C5728A749630089B93C /* Debug */,
				81B88C5828A749630089B93C /* Release */,
			);
			defaultConfigurationIsVisible = 0;
			defaultConfigurationName = Release;
		};
		81B88C5928A749630089B93C /* Build configuration list for PBXNativeTarget "ACalculatorUITests" */ = {
			isa = XCConfigurationList;
			buildConfigurations = (
				81B88C5A28A749630089B93C /* Debug */,
				81B88C5B28A749630089B93C /* Release */,
			);
			defaultConfigurationIsVisible = 0;
			defaultConfigurationName = Release;
		};
/* End XCConfigurationList section */
	};
	rootObject = 81B88C1C28A749610089B93C /* Project object */;
}
