// !$*UTF8*$!
{
	archiveVersion = 1;
	classes = {
	};
	objectVersion = 50;
	objects = {

/* Begin PBXBuildFile section */
		816695E826005BA90045B6F1 /* AppDelegate.m in Sources */ = {isa = PBXBuildFile; fileRef = 816695E726005BA90045B6F1 /* AppDelegate.m */; };
		816695EB26005BA90045B6F1 /* SceneDelegate.m in Sources */ = {isa = PBXBuildFile; fileRef = 816695EA26005BA90045B6F1 /* SceneDelegate.m */; };
		816695EE26005BA90045B6F1 /* ViewController.m in Sources */ = {isa = PBXBuildFile; fileRef = 816695ED26005BA90045B6F1 /* ViewController.m */; };
		816695F126005BA90045B6F1 /* Main.storyboard in Resources */ = {isa = PBXBuildFile; fileRef = 816695EF26005BA90045B6F1 /* Main.storyboard */; };
		816695F326005BAB0045B6F1 /* Assets.xcassets in Resources */ = {isa = PBXBuildFile; fileRef = 816695F226005BAB0045B6F1 /* Assets.xcassets */; };
		816695F626005BAB0045B6F1 /* LaunchScreen.storyboard in Resources */ = {isa = PBXBuildFile; fileRef = 816695F426005BAB0045B6F1 /* LaunchScreen.storyboard */; };
		816695F926005BAB0045B6F1 /* main.m in Sources */ = {isa = PBXBuildFile; fileRef = 816695F826005BAB0045B6F1 /* main.m */; };
		8166960326005BAB0045B6F1 /* HelloWorldTests.m in Sources */ = {isa = PBXBuildFile; fileRef = 8166960226005BAB0045B6F1 /* HelloWorldTests.m */; };
		8166960E26005BAB0045B6F1 /* HelloWorldUITests.m in Sources */ = {isa = PBXBuildFile; fileRef = 8166960D26005BAB0045B6F1 /* HelloWorldUITests.m */; };
/* End PBXBuildFile section */

/* Begin PBXContainerItemProxy section */
		816695FF26005BAB0045B6F1 /* PBXContainerItemProxy */ = {
			isa = PBXContainerItemProxy;
			containerPortal = 816695DB26005BA90045B6F1 /* Project object */;
			proxyType = 1;
			remoteGlobalIDString = 816695E226005BA90045B6F1;
			remoteInfo = HelloWorld;
		};
		8166960A26005BAB0045B6F1 /* PBXContainerItemProxy */ = {
			isa = PBXContainerItemProxy;
			containerPortal = 816695DB26005BA90045B6F1 /* Project object */;
			proxyType = 1;
			remoteGlobalIDString = 816695E226005BA90045B6F1;
			remoteInfo = HelloWorld;
		};
/* End PBXContainerItemProxy section */

/* Begin PBXFileReference section */
		816695E326005BA90045B6F1 /* HelloWorld.app */ = {isa = PBXFileReference; explicitFileType = wrapper.application; includeInIndex = 0; path = HelloWorld.app; sourceTree = BUILT_PRODUCTS_DIR; };
		816695E626005BA90045B6F1 /* AppDelegate.h */ = {isa = PBXFileReference; lastKnownFileType = sourcecode.c.h; path = AppDelegate.h; sourceTree = "<group>"; };
		816695E726005BA90045B6F1 /* AppDelegate.m */ = {isa = PBXFileReference; lastKnownFileType = sourcecode.c.objc; path = AppDelegate.m; sourceTree = "<group>"; };
		816695E926005BA90045B6F1 /* SceneDelegate.h */ = {isa = PBXFileReference; lastKnownFileType = sourcecode.c.h; path = SceneDelegate.h; sourceTree = "<group>"; };
		816695EA26005BA90045B6F1 /* SceneDelegate.m */ = {isa = PBXFileReference; lastKnownFileType = sourcecode.c.objc; path = SceneDelegate.m; sourceTree = "<group>"; };
		816695EC26005BA90045B6F1 /* ViewController.h */ = {isa = PBXFileReference; lastKnownFileType = sourcecode.c.h; path = ViewController.h; sourceTree = "<group>"; };
		816695ED26005BA90045B6F1 /* ViewController.m */ = {isa = PBXFileReference; lastKnownFileType = sourcecode.c.objc; path = ViewController.m; sourceTree = "<group>"; };
		816695F026005BA90045B6F1 /* Base */ = {isa = PBXFileReference; lastKnownFileType = file.storyboard; name = Base; path = Base.lproj/Main.storyboard; sourceTree = "<group>"; };
		816695F226005BAB0045B6F1 /* Assets.xcassets */ = {isa = PBXFileReference; lastKnownFileType = folder.assetcatalog; path = Assets.xcassets; sourceTree = "<group>"; };
		816695F526005BAB0045B6F1 /* Base */ = {isa = PBXFileReference; lastKnownFileType = file.storyboard; name = Base; path = Base.lproj/LaunchScreen.storyboard; sourceTree = "<group>"; };
		816695F726005BAB0045B6F1 /* Info.plist */ = {isa = PBXFileReference; lastKnownFileType = text.plist.xml; path = Info.plist; sourceTree = "<group>"; };
		816695F826005BAB0045B6F1 /* main.m */ = {isa = PBXFileReference; lastKnownFileType = sourcecode.c.objc; path = main.m; sourceTree = "<group>"; };
		816695FE26005BAB0045B6F1 /* HelloWorldTests.xctest */ = {isa = PBXFileReference; explicitFileType = wrapper.cfbundle; includeInIndex = 0; path = HelloWorldTests.xctest; sourceTree = BUILT_PRODUCTS_DIR; };
		8166960226005BAB0045B6F1 /* HelloWorldTests.m */ = {isa = PBXFileReference; lastKnownFileType = sourcecode.c.objc; path = HelloWorldTests.m; sourceTree = "<group>"; };
		8166960426005BAB0045B6F1 /* Info.plist */ = {isa = PBXFileReference; lastKnownFileType = text.plist.xml; path = Info.plist; sourceTree = "<group>"; };
		8166960926005BAB0045B6F1 /* HelloWorldUITests.xctest */ = {isa = PBXFileReference; explicitFileType = wrapper.cfbundle; includeInIndex = 0; path = HelloWorldUITests.xctest; sourceTree = BUILT_PRODUCTS_DIR; };
		8166960D26005BAB0045B6F1 /* HelloWorldUITests.m */ = {isa = PBXFileReference; lastKnownFileType = sourcecode.c.objc; path = HelloWorldUITests.m; sourceTree = "<group>"; };
		8166960F26005BAB0045B6F1 /* Info.plist */ = {isa = PBXFileReference; lastKnownFileType = text.plist.xml; path = Info.plist; sourceTree = "<group>"; };
/* End PBXFileReference section */

/* Begin PBXFrameworksBuildPhase section */
		816695E026005BA90045B6F1 /* Frameworks */ = {
			isa = PBXFrameworksBuildPhase;
			buildActionMask = 2147483647;
			files = (
			);
			runOnlyForDeploymentPostprocessing = 0;
		};
		816695FB26005BAB0045B6F1 /* Frameworks */ = {
			isa = PBXFrameworksBuildPhase;
			buildActionMask = 2147483647;
			files = (
			);
			runOnlyForDeploymentPostprocessing = 0;
		};
		8166960626005BAB0045B6F1 /* Frameworks */ = {
			isa = PBXFrameworksBuildPhase;
			buildActionMask = 2147483647;
			files = (
			);
			runOnlyForDeploymentPostprocessing = 0;
		};
/* End PBXFrameworksBuildPhase section */

/* Begin PBXGroup section */
		816695DA26005BA90045B6F1 = {
			isa = PBXGroup;
			children = (
				816695E526005BA90045B6F1 /* HelloWorld */,
				8166960126005BAB0045B6F1 /* HelloWorldTests */,
				8166960C26005BAB0045B6F1 /* HelloWorldUITests */,
				816695E426005BA90045B6F1 /* Products */,
			);
			sourceTree = "<group>";
		};
		816695E426005BA90045B6F1 /* Products */ = {
			isa = PBXGroup;
			children = (
				816695E326005BA90045B6F1 /* HelloWorld.app */,
				816695FE26005BAB0045B6F1 /* HelloWorldTests.xctest */,
				8166960926005BAB0045B6F1 /* HelloWorldUITests.xctest */,
			);
			name = Products;
			sourceTree = "<group>";
		};
		816695E526005BA90045B6F1 /* HelloWorld */ = {
			isa = PBXGroup;
			children = (
				816695E626005BA90045B6F1 /* AppDelegate.h */,
				816695E726005BA90045B6F1 /* AppDelegate.m */,
				816695E926005BA90045B6F1 /* SceneDelegate.h */,
				816695EA26005BA90045B6F1 /* SceneDelegate.m */,
				816695EC26005BA90045B6F1 /* ViewController.h */,
				816695ED26005BA90045B6F1 /* ViewController.m */,
				816695EF26005BA90045B6F1 /* Main.storyboard */,
				816695F226005BAB0045B6F1 /* Assets.xcassets */,
				816695F426005BAB0045B6F1 /* LaunchScreen.storyboard */,
				816695F726005BAB0045B6F1 /* Info.plist */,
				816695F826005BAB0045B6F1 /* main.m */,
			);
			path = HelloWorld;
			sourceTree = "<group>";
		};
		8166960126005BAB0045B6F1 /* HelloWorldTests */ = {
			isa = PBXGroup;
			children = (
				8166960226005BAB0045B6F1 /* HelloWorldTests.m */,
				8166960426005BAB0045B6F1 /* Info.plist */,
			);
			path = HelloWorldTests;
			sourceTree = "<group>";
		};
		8166960C26005BAB0045B6F1 /* HelloWorldUITests */ = {
			isa = PBXGroup;
			children = (
				8166960D26005BAB0045B6F1 /* HelloWorldUITests.m */,
				8166960F26005BAB0045B6F1 /* Info.plist */,
			);
			path = HelloWorldUITests;
			sourceTree = "<group>";
		};
/* End PBXGroup section */

/* Begin PBXNativeTarget section */
		816695E226005BA90045B6F1 /* HelloWorld */ = {
			isa = PBXNativeTarget;
			buildConfigurationList = 8166961226005BAB0045B6F1 /* Build configuration list for PBXNativeTarget "HelloWorld" */;
			buildPhases = (
				816695DF26005BA90045B6F1 /* Sources */,
				816695E026005BA90045B6F1 /* Frameworks */,
				816695E126005BA90045B6F1 /* Resources */,
			);
			buildRules = (
			);
			dependencies = (
			);
			name = HelloWorld;
			productName = HelloWorld;
			productReference = 816695E326005BA90045B6F1 /* HelloWorld.app */;
			productType = "com.apple.product-type.application";
		};
		816695FD26005BAB0045B6F1 /* HelloWorldTests */ = {
			isa = PBXNativeTarget;
			buildConfigurationList = 8166961526005BAB0045B6F1 /* Build configuration list for PBXNativeTarget "HelloWorldTests" */;
			buildPhases = (
				816695FA26005BAB0045B6F1 /* Sources */,
				816695FB26005BAB0045B6F1 /* Frameworks */,
				816695FC26005BAB0045B6F1 /* Resources */,
			);
			buildRules = (
			);
			dependencies = (
				8166960026005BAB0045B6F1 /* PBXTargetDependency */,
			);
			name = HelloWorldTests;
			productName = HelloWorldTests;
			productReference = 816695FE26005BAB0045B6F1 /* HelloWorldTests.xctest */;
			productType = "com.apple.product-type.bundle.unit-test";
		};
		8166960826005BAB0045B6F1 /* HelloWorldUITests */ = {
			isa = PBXNativeTarget;
			buildConfigurationList = 8166961826005BAB0045B6F1 /* Build configuration list for PBXNativeTarget "HelloWorldUITests" */;
			buildPhases = (
				8166960526005BAB0045B6F1 /* Sources */,
				8166960626005BAB0045B6F1 /* Frameworks */,
				8166960726005BAB0045B6F1 /* Resources */,
			);
			buildRules = (
			);
			dependencies = (
				8166960B26005BAB0045B6F1 /* PBXTargetDependency */,
			);
			name = HelloWorldUITests;
			productName = HelloWorldUITests;
			productReference = 8166960926005BAB0045B6F1 /* HelloWorldUITests.xctest */;
			productType = "com.apple.product-type.bundle.ui-testing";
		};
/* End PBXNativeTarget section */

/* Begin PBXProject section */
		816695DB26005BA90045B6F1 /* Project object */ = {
			isa = PBXProject;
			attributes = {
				LastUpgradeCheck = 1230;
				TargetAttributes = {
					816695E226005BA90045B6F1 = {
						CreatedOnToolsVersion = 12.3;
					};
					816695FD26005BAB0045B6F1 = {
						CreatedOnToolsVersion = 12.3;
						TestTargetID = 816695E226005BA90045B6F1;
					};
					8166960826005BAB0045B6F1 = {
						CreatedOnToolsVersion = 12.3;
						TestTargetID = 816695E226005BA90045B6F1;
					};
				};
			};
			buildConfigurationList = 816695DE26005BA90045B6F1 /* Build configuration list for PBXProject "HelloWorld" */;
			compatibilityVersion = "Xcode 9.3";
			developmentRegion = en;
			hasScannedForEncodings = 0;
			knownRegions = (
				en,
				Base,
			);
			mainGroup = 816695DA26005BA90045B6F1;
			productRefGroup = 816695E426005BA90045B6F1 /* Products */;
			projectDirPath = "";
			projectRoot = "";
			targets = (
				816695E226005BA90045B6F1 /* HelloWorld */,
				816695FD26005BAB0045B6F1 /* HelloWorldTests */,
				8166960826005BAB0045B6F1 /* HelloWorldUITests */,
			);
		};
/* End PBXProject section */

/* Begin PBXResourcesBuildPhase section */
		816695E126005BA90045B6F1 /* Resources */ = {
			isa = PBXResourcesBuildPhase;
			buildActionMask = 2147483647;
			files = (
				816695F626005BAB0045B6F1 /* LaunchScreen.storyboard in Resources */,
				816695F326005BAB0045B6F1 /* Assets.xcassets in Resources */,
				816695F126005BA90045B6F1 /* Main.storyboard in Resources */,
			);
			runOnlyForDeploymentPostprocessing = 0;
		};
		816695FC26005BAB0045B6F1 /* Resources */ = {
			isa = PBXResourcesBuildPhase;
			buildActionMask = 2147483647;
			files = (
			);
			runOnlyForDeploymentPostprocessing = 0;
		};
		8166960726005BAB0045B6F1 /* Resources */ = {
			isa = PBXResourcesBuildPhase;
			buildActionMask = 2147483647;
			files = (
			);
			runOnlyForDeploymentPostprocessing = 0;
		};
/* End PBXResourcesBuildPhase section */

/* Begin PBXSourcesBuildPhase section */
		816695DF26005BA90045B6F1 /* Sources */ = {
			isa = PBXSourcesBuildPhase;
			buildActionMask = 2147483647;
			files = (
				816695EE26005BA90045B6F1 /* ViewController.m in Sources */,
				816695E826005BA90045B6F1 /* AppDelegate.m in Sources */,
				816695F926005BAB0045B6F1 /* main.m in Sources */,
				816695EB26005BA90045B6F1 /* SceneDelegate.m in Sources */,
			);
			runOnlyForDeploymentPostprocessing = 0;
		};
		816695FA26005BAB0045B6F1 /* Sources */ = {
			isa = PBXSourcesBuildPhase;
			buildActionMask = 2147483647;
			files = (
				8166960326005BAB0045B6F1 /* HelloWorldTests.m in Sources */,
			);
			runOnlyForDeploymentPostprocessing = 0;
		};
		8166960526005BAB0045B6F1 /* Sources */ = {
			isa = PBXSourcesBuildPhase;
			buildActionMask = 2147483647;
			files = (
				8166960E26005BAB0045B6F1 /* HelloWorldUITests.m in Sources */,
			);
			runOnlyForDeploymentPostprocessing = 0;
		};
/* End PBXSourcesBuildPhase section */

/* Begin PBXTargetDependency section */
		8166960026005BAB0045B6F1 /* PBXTargetDependency */ = {
			isa = PBXTargetDependency;
			target = 816695E226005BA90045B6F1 /* HelloWorld */;
			targetProxy = 816695FF26005BAB0045B6F1 /* PBXContainerItemProxy */;
		};
		8166960B26005BAB0045B6F1 /* PBXTargetDependency */ = {
			isa = PBXTargetDependency;
			target = 816695E226005BA90045B6F1 /* HelloWorld */;
			targetProxy = 8166960A26005BAB0045B6F1 /* PBXContainerItemProxy */;
		};
/* End PBXTargetDependency section */

/* Begin PBXVariantGroup section */
		816695EF26005BA90045B6F1 /* Main.storyboard */ = {
			isa = PBXVariantGroup;
			children = (
				816695F026005BA90045B6F1 /* Base */,
			);
			name = Main.storyboard;
			sourceTree = "<group>";
		};
		816695F426005BAB0045B6F1 /* LaunchScreen.storyboard */ = {
			isa = PBXVariantGroup;
			children = (
				816695F526005BAB0045B6F1 /* Base */,
			);
			name = LaunchScreen.storyboard;
			sourceTree = "<group>";
		};
/* End PBXVariantGroup section */

/* Begin XCBuildConfiguration section */
		8166961026005BAB0045B6F1 /* Debug */ = {
			isa = XCBuildConfiguration;
			buildSettings = {
				ALWAYS_SEARCH_USER_PATHS = NO;
				CLANG_ANALYZER_NONNULL = YES;
				CLANG_ANALYZER_NUMBER_OBJECT_CONVERSION = YES_AGGRESSIVE;
				CLANG_CXX_LANGUAGE_STANDARD = "gnu++14";
				CLANG_CXX_LIBRARY = "libc++";
				CLANG_ENABLE_MODULES = YES;
				CLANG_ENABLE_OBJC_ARC = YES;
				CLANG_ENABLE_OBJC_WEAK = YES;
				CLANG_WARN_BLOCK_CAPTURE_AUTORELEASING = YES;
				CLANG_WARN_BOOL_CONVERSION = YES;
				CLANG_WARN_COMMA = YES;
				CLANG_WARN_CONSTANT_CONVERSION = YES;
				CLANG_WARN_DEPRECATED_OBJC_IMPLEMENTATIONS = YES;
				CLANG_WARN_DIRECT_OBJC_ISA_USAGE = YES_ERROR;
				CLANG_WARN_DOCUMENTATION_COMMENTS = YES;
				CLANG_WARN_EMPTY_BODY = YES;
				CLANG_WARN_ENUM_CONVERSION = YES;
				CLANG_WARN_INFINITE_RECURSION = YES;
				CLANG_WARN_INT_CONVERSION = YES;
				CLANG_WARN_NON_LITERAL_NULL_CONVERSION = YES;
				CLANG_WARN_OBJC_IMPLICIT_RETAIN_SELF = YES;
				CLANG_WARN_OBJC_LITERAL_CONVERSION = YES;
				CLANG_WARN_OBJC_ROOT_CLASS = YES_ERROR;
				CLANG_WARN_QUOTED_INCLUDE_IN_FRAMEWORK_HEADER = YES;
				CLANG_WARN_RANGE_LOOP_ANALYSIS = YES;
				CLANG_WARN_STRICT_PROTOTYPES = YES;
				CLANG_WARN_SUSPICIOUS_MOVE = YES;
				CLANG_WARN_UNGUARDED_AVAILABILITY = YES_AGGRESSIVE;
				CLANG_WARN_UNREACHABLE_CODE = YES;
				CLANG_WARN__DUPLICATE_METHOD_MATCH = YES;
				COPY_PHASE_STRIP = NO;
				DEBUG_INFORMATION_FORMAT = dwarf;
				ENABLE_STRICT_OBJC_MSGSEND = YES;
				ENABLE_TESTABILITY = YES;
				GCC_C_LANGUAGE_STANDARD = gnu11;
				GCC_DYNAMIC_NO_PIC = NO;
				GCC_NO_COMMON_BLOCKS = YES;
				GCC_OPTIMIZATION_LEVEL = 0;
				GCC_PREPROCESSOR_DEFINITIONS = (
					"DEBUG=1",
					"$(inherited)",
				);
				GCC_WARN_64_TO_32_BIT_CONVERSION = YES;
				GCC_WARN_ABOUT_RETURN_TYPE = YES_ERROR;
				GCC_WARN_UNDECLARED_SELECTOR = YES;
				GCC_WARN_UNINITIALIZED_AUTOS = YES_AGGRESSIVE;
				GCC_WARN_UNUSED_FUNCTION = YES;
				GCC_WARN_UNUSED_VARIABLE = YES;
				IPHONEOS_DEPLOYMENT_TARGET = 14.3;
				MTL_ENABLE_DEBUG_INFO = INCLUDE_SOURCE;
				MTL_FAST_MATH = YES;
				ONLY_ACTIVE_ARCH = YES;
				SDKROOT = iphoneos;
			};
			name = Debug;
		};
		8166961126005BAB0045B6F1 /* Release */ = {
			isa = XCBuildConfiguration;
			buildSettings = {
				ALWAYS_SEARCH_USER_PATHS = NO;
				CLANG_ANALYZER_NONNULL = YES;
				CLANG_ANALYZER_NUMBER_OBJECT_CONVERSION = YES_AGGRESSIVE;
				CLANG_CXX_LANGUAGE_STANDARD = "gnu++14";
				CLANG_CXX_LIBRARY = "libc++";
				CLANG_ENABLE_MODULES = YES;
				CLANG_ENABLE_OBJC_ARC = YES;
				CLANG_ENABLE_OBJC_WEAK = YES;
				CLANG_WARN_BLOCK_CAPTURE_AUTORELEASING = YES;
				CLANG_WARN_BOOL_CONVERSION = YES;
				CLANG_WARN_COMMA = YES;
				CLANG_WARN_CONSTANT_CONVERSION = YES;
				CLANG_WARN_DEPRECATED_OBJC_IMPLEMENTATIONS = YES;
				CLANG_WARN_DIRECT_OBJC_ISA_USAGE = YES_ERROR;
				CLANG_WARN_DOCUMENTATION_COMMENTS = YES;
				CLANG_WARN_EMPTY_BODY = YES;
				CLANG_WARN_ENUM_CONVERSION = YES;
				CLANG_WARN_INFINITE_RECURSION = YES;
				CLANG_WARN_INT_CONVERSION = YES;
				CLANG_WARN_NON_LITERAL_NULL_CONVERSION = YES;
				CLANG_WARN_OBJC_IMPLICIT_RETAIN_SELF = YES;
				CLANG_WARN_OBJC_LITERAL_CONVERSION = YES;
				CLANG_WARN_OBJC_ROOT_CLASS = YES_ERROR;
				CLANG_WARN_QUOTED_INCLUDE_IN_FRAMEWORK_HEADER = YES;
				CLANG_WARN_RANGE_LOOP_ANALYSIS = YES;
				CLANG_WARN_STRICT_PROTOTYPES = YES;
				CLANG_WARN_SUSPICIOUS_MOVE = YES;
				CLANG_WARN_UNGUARDED_AVAILABILITY = YES_AGGRESSIVE;
				CLANG_WARN_UNREACHABLE_CODE = YES;
				CLANG_WARN__DUPLICATE_METHOD_MATCH = YES;
				COPY_PHASE_STRIP = NO;
				DEBUG_INFORMATION_FORMAT = "dwarf-with-dsym";
				ENABLE_NS_ASSERTIONS = NO;
				ENABLE_STRICT_OBJC_MSGSEND = YES;
				GCC_C_LANGUAGE_STANDARD = gnu11;
				GCC_NO_COMMON_BLOCKS = YES;
				GCC_WARN_64_TO_32_BIT_CONVERSION = YES;
				GCC_WARN_ABOUT_RETURN_TYPE = YES_ERROR;
				GCC_WARN_UNDECLARED_SELECTOR = YES;
				GCC_WARN_UNINITIALIZED_AUTOS = YES_AGGRESSIVE;
				GCC_WARN_UNUSED_FUNCTION = YES;
				GCC_WARN_UNUSED_VARIABLE = YES;
				IPHONEOS_DEPLOYMENT_TARGET = 14.3;
				MTL_ENABLE_DEBUG_INFO = NO;
				MTL_FAST_MATH = YES;
				SDKROOT = iphoneos;
				VALIDATE_PRODUCT = YES;
			};
			name = Release;
		};
		8166961326005BAB0045B6F1 /* Debug */ = {
			isa = XCBuildConfiguration;
			buildSettings = {
				ASSETCATALOG_COMPILER_APPICON_NAME = AppIcon;
				ASSETCATALOG_COMPILER_GLOBAL_ACCENT_COLOR_NAME = AccentColor;
				CODE_SIGN_STYLE = Automatic;
				INFOPLIST_FILE = HelloWorld/Info.plist;
				LD_RUNPATH_SEARCH_PATHS = (
					"$(inherited)",
					"@executable_path/Frameworks",
				);
				PRODUCT_BUNDLE_IDENTIFIER = zzy.HelloWorld;
				PRODUCT_NAME = "$(TARGET_NAME)";
				TARGETED_DEVICE_FAMILY = "1,2";
			};
			name = Debug;
		};
		8166961426005BAB0045B6F1 /* Release */ = {
			isa = XCBuildConfiguration;
			buildSettings = {
				ASSETCATALOG_COMPILER_APPICON_NAME = AppIcon;
				ASSETCATALOG_COMPILER_GLOBAL_ACCENT_COLOR_NAME = AccentColor;
				CODE_SIGN_STYLE = Automatic;
				INFOPLIST_FILE = HelloWorld/Info.plist;
				LD_RUNPATH_SEARCH_PATHS = (
					"$(inherited)",
					"@executable_path/Frameworks",
				);
				PRODUCT_BUNDLE_IDENTIFIER = zzy.HelloWorld;
				PRODUCT_NAME = "$(TARGET_NAME)";
				TARGETED_DEVICE_FAMILY = "1,2";
			};
			name = Release;
		};
		8166961626005BAB0045B6F1 /* Debug */ = {
			isa = XCBuildConfiguration;
			buildSettings = {
				BUNDLE_LOADER = "$(TEST_HOST)";
				CODE_SIGN_STYLE = Automatic;
				INFOPLIST_FILE = HelloWorldTests/Info.plist;
				IPHONEOS_DEPLOYMENT_TARGET = 14.3;
				LD_RUNPATH_SEARCH_PATHS = (
					"$(inherited)",
					"@executable_path/Frameworks",
					"@loader_path/Frameworks",
				);
				PRODUCT_BUNDLE_IDENTIFIER = zzy.HelloWorldTests;
				PRODUCT_NAME = "$(TARGET_NAME)";
				TARGETED_DEVICE_FAMILY = "1,2";
				TEST_HOST = "$(BUILT_PRODUCTS_DIR)/HelloWorld.app/HelloWorld";
			};
			name = Debug;
		};
		8166961726005BAB0045B6F1 /* Release */ = {
			isa = XCBuildConfiguration;
			buildSettings = {
				BUNDLE_LOADER = "$(TEST_HOST)";
				CODE_SIGN_STYLE = Automatic;
				INFOPLIST_FILE = HelloWorldTests/Info.plist;
				IPHONEOS_DEPLOYMENT_TARGET = 14.3;
				LD_RUNPATH_SEARCH_PATHS = (
					"$(inherited)",
					"@executable_path/Frameworks",
					"@loader_path/Frameworks",
				);
				PRODUCT_BUNDLE_IDENTIFIER = zzy.HelloWorldTests;
				PRODUCT_NAME = "$(TARGET_NAME)";
				TARGETED_DEVICE_FAMILY = "1,2";
				TEST_HOST = "$(BUILT_PRODUCTS_DIR)/HelloWorld.app/HelloWorld";
			};
			name = Release;
		};
		8166961926005BAB0045B6F1 /* Debug */ = {
			isa = XCBuildConfiguration;
			buildSettings = {
				CODE_SIGN_STYLE = Automatic;
				INFOPLIST_FILE = HelloWorldUITests/Info.plist;
				LD_RUNPATH_SEARCH_PATHS = (
					"$(inherited)",
					"@executable_path/Frameworks",
					"@loader_path/Frameworks",
				);
				PRODUCT_BUNDLE_IDENTIFIER = zzy.HelloWorldUITests;
				PRODUCT_NAME = "$(TARGET_NAME)";
				TARGETED_DEVICE_FAMILY = "1,2";
				TEST_TARGET_NAME = HelloWorld;
			};
			name = Debug;
		};
		8166961A26005BAB0045B6F1 /* Release */ = {
			isa = XCBuildConfiguration;
			buildSettings = {
				CODE_SIGN_STYLE = Automatic;
				INFOPLIST_FILE = HelloWorldUITests/Info.plist;
				LD_RUNPATH_SEARCH_PATHS = (
					"$(inherited)",
					"@executable_path/Frameworks",
					"@loader_path/Frameworks",
				);
				PRODUCT_BUNDLE_IDENTIFIER = zzy.HelloWorldUITests;
				PRODUCT_NAME = "$(TARGET_NAME)";
				TARGETED_DEVICE_FAMILY = "1,2";
				TEST_TARGET_NAME = HelloWorld;
			};
			name = Release;
		};
/* End XCBuildConfiguration section */

/* Begin XCConfigurationList section */
		816695DE26005BA90045B6F1 /* Build configuration list for PBXProject "HelloWorld" */ = {
			isa = XCConfigurationList;
			buildConfigurations = (
				8166961026005BAB0045B6F1 /* Debug */,
				8166961126005BAB0045B6F1 /* Release */,
			);
			defaultConfigurationIsVisible = 0;
			defaultConfigurationName = Release;
		};
		8166961226005BAB0045B6F1 /* Build configuration list for PBXNativeTarget "HelloWorld" */ = {
			isa = XCConfigurationList;
			buildConfigurations = (
				8166961326005BAB0045B6F1 /* Debug */,
				8166961426005BAB0045B6F1 /* Release */,
			);
			defaultConfigurationIsVisible = 0;
			defaultConfigurationName = Release;
		};
		8166961526005BAB0045B6F1 /* Build configuration list for PBXNativeTarget "HelloWorldTests" */ = {
			isa = XCConfigurationList;
			buildConfigurations = (
				8166961626005BAB0045B6F1 /* Debug */,
				8166961726005BAB0045B6F1 /* Release */,
			);
			defaultConfigurationIsVisible = 0;
			defaultConfigurationName = Release;
		};
		8166961826005BAB0045B6F1 /* Build configuration list for PBXNativeTarget "HelloWorldUITests" */ = {
			isa = XCConfigurationList;
			buildConfigurations = (
				8166961926005BAB0045B6F1 /* Debug */,
				8166961A26005BAB0045B6F1 /* Release */,
			);
			defaultConfigurationIsVisible = 0;
			defaultConfigurationName = Release;
		};
/* End XCConfigurationList section */
	};
	rootObject = 816695DB26005BA90045B6F1 /* Project object */;
}
