// !$*UTF8*$!
{
	archiveVersion = 1;
	classes = {
	};
	objectVersion = 50;
	objects = {

/* Begin PBXBuildFile section */
		81E21AD926E5E7A500B28B9D /* main.m in Sources */ = {isa = PBXBuildFile; fileRef = 81E21AD826E5E7A500B28B9D /* main.m */; };
		81E21AE126E5E7F200B28B9D /* Lonely.m in Sources */ = {isa = PBXBuildFile; fileRef = 81E21AE026E5E7F200B28B9D /* Lonely.m */; };
		81E21AE426E5E82100B28B9D /* LonelyChild.m in Sources */ = {isa = PBXBuildFile; fileRef = 81E21AE326E5E82100B28B9D /* LonelyChild.m */; };
/* End PBXBuildFile section */

/* Begin PBXCopyFilesBuildPhase section */
		81E21AD326E5E7A500B28B9D /* CopyFiles */ = {
			isa = PBXCopyFilesBuildPhase;
			buildActionMask = 2147483647;
			dstPath = /usr/share/man/man1/;
			dstSubfolderSpec = 0;
			files = (
			);
			runOnlyForDeploymentPostprocessing = 1;
		};
/* End PBXCopyFilesBuildPhase section */

/* Begin PBXFileReference section */
		81E21AD526E5E7A500B28B9D /* ClangAttributeTest */ = {isa = PBXFileReference; explicitFileType = "compiled.mach-o.executable"; includeInIndex = 0; path = ClangAttributeTest; sourceTree = BUILT_PRODUCTS_DIR; };
		81E21AD826E5E7A500B28B9D /* main.m */ = {isa = PBXFileReference; lastKnownFileType = sourcecode.c.objc; path = main.m; sourceTree = "<group>"; };
		81E21ADF26E5E7F200B28B9D /* Lonely.h */ = {isa = PBXFileReference; lastKnownFileType = sourcecode.c.h; path = Lonely.h; sourceTree = "<group>"; };
		81E21AE026E5E7F200B28B9D /* Lonely.m */ = {isa = PBXFileReference; lastKnownFileType = sourcecode.c.objc; path = Lonely.m; sourceTree = "<group>"; };
		81E21AE226E5E82100B28B9D /* LonelyChild.h */ = {isa = PBXFileReference; lastKnownFileType = sourcecode.c.h; path = LonelyChild.h; sourceTree = "<group>"; };
		81E21AE326E5E82100B28B9D /* LonelyChild.m */ = {isa = PBXFileReference; lastKnownFileType = sourcecode.c.objc; path = LonelyChild.m; sourceTree = "<group>"; };
/* End PBXFileReference section */

/* Begin PBXFrameworksBuildPhase section */
		81E21AD226E5E7A500B28B9D /* Frameworks */ = {
			isa = PBXFrameworksBuildPhase;
			buildActionMask = 2147483647;
			files = (
			);
			runOnlyForDeploymentPostprocessing = 0;
		};
/* End PBXFrameworksBuildPhase section */

/* Begin PBXGroup section */
		81E21ACC26E5E7A500B28B9D = {
			isa = PBXGroup;
			children = (
				81E21AD726E5E7A500B28B9D /* ClangAttributeTest */,
				81E21AD626E5E7A500B28B9D /* Products */,
			);
			sourceTree = "<group>";
		};
		81E21AD626E5E7A500B28B9D /* Products */ = {
			isa = PBXGroup;
			children = (
				81E21AD526E5E7A500B28B9D /* ClangAttributeTest */,
			);
			name = Products;
			sourceTree = "<group>";
		};
		81E21AD726E5E7A500B28B9D /* ClangAttributeTest */ = {
			isa = PBXGroup;
			children = (
				81E21AD826E5E7A500B28B9D /* main.m */,
				81E21ADF26E5E7F200B28B9D /* Lonely.h */,
				81E21AE026E5E7F200B28B9D /* Lonely.m */,
				81E21AE226E5E82100B28B9D /* LonelyChild.h */,
				81E21AE326E5E82100B28B9D /* LonelyChild.m */,
			);
			path = ClangAttributeTest;
			sourceTree = "<group>";
		};
/* End PBXGroup section */

/* Begin PBXNativeTarget section */
		81E21AD426E5E7A500B28B9D /* ClangAttributeTest */ = {
			isa = PBXNativeTarget;
			buildConfigurationList = 81E21ADC26E5E7A500B28B9D /* Build configuration list for PBXNativeTarget "ClangAttributeTest" */;
			buildPhases = (
				81E21AD126E5E7A500B28B9D /* Sources */,
				81E21AD226E5E7A500B28B9D /* Frameworks */,
				81E21AD326E5E7A500B28B9D /* CopyFiles */,
			);
			buildRules = (
			);
			dependencies = (
			);
			name = ClangAttributeTest;
			productName = ClangAttributeTest;
			productReference = 81E21AD526E5E7A500B28B9D /* ClangAttributeTest */;
			productType = "com.apple.product-type.tool";
		};
/* End PBXNativeTarget section */

/* Begin PBXProject section */
		81E21ACD26E5E7A500B28B9D /* Project object */ = {
			isa = PBXProject;
			attributes = {
				LastUpgradeCheck = 1250;
				TargetAttributes = {
					81E21AD426E5E7A500B28B9D = {
						CreatedOnToolsVersion = 12.5;
					};
				};
			};
			buildConfigurationList = 81E21AD026E5E7A500B28B9D /* Build configuration list for PBXProject "ClangAttributeTest" */;
			compatibilityVersion = "Xcode 9.3";
			developmentRegion = en;
			hasScannedForEncodings = 0;
			knownRegions = (
				en,
				Base,
			);
			mainGroup = 81E21ACC26E5E7A500B28B9D;
			productRefGroup = 81E21AD626E5E7A500B28B9D /* Products */;
			projectDirPath = "";
			projectRoot = "";
			targets = (
				81E21AD426E5E7A500B28B9D /* ClangAttributeTest */,
			);
		};
/* End PBXProject section */

/* Begin PBXSourcesBuildPhase section */
		81E21AD126E5E7A500B28B9D /* Sources */ = {
			isa = PBXSourcesBuildPhase;
			buildActionMask = 2147483647;
			files = (
				81E21AE126E5E7F200B28B9D /* Lonely.m in Sources */,
				81E21AD926E5E7A500B28B9D /* main.m in Sources */,
				81E21AE426E5E82100B28B9D /* LonelyChild.m in Sources */,
			);
			runOnlyForDeploymentPostprocessing = 0;
		};
/* End PBXSourcesBuildPhase section */

/* Begin XCBuildConfiguration section */
		81E21ADA26E5E7A500B28B9D /* Debug */ = {
			isa = XCBuildConfiguration;
			buildSettings = {
				ALWAYS_SEARCH_USER_PATHS = NO;
				CLANG_ANALYZER_NONNULL = YES;
				CLANG_ANALYZER_NUMBER_OBJECT_CONVERSION = YES_AGGRESSIVE;
				CLANG_CXX_LANGUAGE_STANDARD = "gnu++14";
				CLANG_CXX_LIBRARY = "libc++";
				CLANG_ENABLE_MODULES = YES;
				CLANG_ENABLE_OBJC_ARC = YES;
				CLANG_ENABLE_OBJC_WEAK = YES;
				CLANG_WARN_BLOCK_CAPTURE_AUTORELEASING = YES;
				CLANG_WARN_BOOL_CONVERSION = YES;
				CLANG_WARN_COMMA = YES;
				CLANG_WARN_CONSTANT_CONVERSION = YES;
				CLANG_WARN_DEPRECATED_OBJC_IMPLEMENTATIONS = YES;
				CLANG_WARN_DIRECT_OBJC_ISA_USAGE = YES_ERROR;
				CLANG_WARN_DOCUMENTATION_COMMENTS = YES;
				CLANG_WARN_EMPTY_BODY = YES;
				CLANG_WARN_ENUM_CONVERSION = YES;
				CLANG_WARN_INFINITE_RECURSION = YES;
				CLANG_WARN_INT_CONVERSION = YES;
				CLANG_WARN_NON_LITERAL_NULL_CONVERSION = YES;
				CLANG_WARN_OBJC_IMPLICIT_RETAIN_SELF = YES;
				CLANG_WARN_OBJC_LITERAL_CONVERSION = YES;
				CLANG_WARN_OBJC_ROOT_CLASS = YES_ERROR;
				CLANG_WARN_QUOTED_INCLUDE_IN_FRAMEWORK_HEADER = YES;
				CLANG_WARN_RANGE_LOOP_ANALYSIS = YES;
				CLANG_WARN_STRICT_PROTOTYPES = YES;
				CLANG_WARN_SUSPICIOUS_MOVE = YES;
				CLANG_WARN_UNGUARDED_AVAILABILITY = YES_AGGRESSIVE;
				CLANG_WARN_UNREACHABLE_CODE = YES;
				CLANG_WARN__DUPLICATE_METHOD_MATCH = YES;
				COPY_PHASE_STRIP = NO;
				DEBUG_INFORMATION_FORMAT = dwarf;
				ENABLE_STRICT_OBJC_MSGSEND = YES;
				ENABLE_TESTABILITY = YES;
				GCC_C_LANGUAGE_STANDARD = gnu11;
				GCC_DYNAMIC_NO_PIC = NO;
				GCC_NO_COMMON_BLOCKS = YES;
				GCC_OPTIMIZATION_LEVEL = 0;
				GCC_PREPROCESSOR_DEFINITIONS = (
					"DEBUG=1",
					"$(inherited)",
				);
				GCC_WARN_64_TO_32_BIT_CONVERSION = YES;
				GCC_WARN_ABOUT_RETURN_TYPE = YES_ERROR;
				GCC_WARN_UNDECLARED_SELECTOR = YES;
				GCC_WARN_UNINITIALIZED_AUTOS = YES_AGGRESSIVE;
				GCC_WARN_UNUSED_FUNCTION = YES;
				GCC_WARN_UNUSED_VARIABLE = YES;
				MACOSX_DEPLOYMENT_TARGET = 11.3;
				MTL_ENABLE_DEBUG_INFO = INCLUDE_SOURCE;
				MTL_FAST_MATH = YES;
				ONLY_ACTIVE_ARCH = YES;
				SDKROOT = macosx;
			};
			name = Debug;
		};
		81E21ADB26E5E7A500B28B9D /* Release */ = {
			isa = XCBuildConfiguration;
			buildSettings = {
				ALWAYS_SEARCH_USER_PATHS = NO;
				CLANG_ANALYZER_NONNULL = YES;
				CLANG_ANALYZER_NUMBER_OBJECT_CONVERSION = YES_AGGRESSIVE;
				CLANG_CXX_LANGUAGE_STANDARD = "gnu++14";
				CLANG_CXX_LIBRARY = "libc++";
				CLANG_ENABLE_MODULES = YES;
				CLANG_ENABLE_OBJC_ARC = YES;
				CLANG_ENABLE_OBJC_WEAK = YES;
				CLANG_WARN_BLOCK_CAPTURE_AUTORELEASING = YES;
				CLANG_WARN_BOOL_CONVERSION = YES;
				CLANG_WARN_COMMA = YES;
				CLANG_WARN_CONSTANT_CONVERSION = YES;
				CLANG_WARN_DEPRECATED_OBJC_IMPLEMENTATIONS = YES;
				CLANG_WARN_DIRECT_OBJC_ISA_USAGE = YES_ERROR;
				CLANG_WARN_DOCUMENTATION_COMMENTS = YES;
				CLANG_WARN_EMPTY_BODY = YES;
				CLANG_WARN_ENUM_CONVERSION = YES;
				CLANG_WARN_INFINITE_RECURSION = YES;
				CLANG_WARN_INT_CONVERSION = YES;
				CLANG_WARN_NON_LITERAL_NULL_CONVERSION = YES;
				CLANG_WARN_OBJC_IMPLICIT_RETAIN_SELF = YES;
				CLANG_WARN_OBJC_LITERAL_CONVERSION = YES;
				CLANG_WARN_OBJC_ROOT_CLASS = YES_ERROR;
				CLANG_WARN_QUOTED_INCLUDE_IN_FRAMEWORK_HEADER = YES;
				CLANG_WARN_RANGE_LOOP_ANALYSIS = YES;
				CLANG_WARN_STRICT_PROTOTYPES = YES;
				CLANG_WARN_SUSPICIOUS_MOVE = YES;
				CLANG_WARN_UNGUARDED_AVAILABILITY = YES_AGGRESSIVE;
				CLANG_WARN_UNREACHABLE_CODE = YES;
				CLANG_WARN__DUPLICATE_METHOD_MATCH = YES;
				COPY_PHASE_STRIP = NO;
				DEBUG_INFORMATION_FORMAT = "dwarf-with-dsym";
				ENABLE_NS_ASSERTIONS = NO;
				ENABLE_STRICT_OBJC_MSGSEND = YES;
				GCC_C_LANGUAGE_STANDARD = gnu11;
				GCC_NO_COMMON_BLOCKS = YES;
				GCC_WARN_64_TO_32_BIT_CONVERSION = YES;
				GCC_WARN_ABOUT_RETURN_TYPE = YES_ERROR;
				GCC_WARN_UNDECLARED_SELECTOR = YES;
				GCC_WARN_UNINITIALIZED_AUTOS = YES_AGGRESSIVE;
				GCC_WARN_UNUSED_FUNCTION = YES;
				GCC_WARN_UNUSED_VARIABLE = YES;
				MACOSX_DEPLOYMENT_TARGET = 11.3;
				MTL_ENABLE_DEBUG_INFO = NO;
				MTL_FAST_MATH = YES;
				SDKROOT = macosx;
			};
			name = Release;
		};
		81E21ADD26E5E7A500B28B9D /* Debug */ = {
			isa = XCBuildConfiguration;
			buildSettings = {
				CODE_SIGN_STYLE = Automatic;
				DEVELOPMENT_TEAM = 5F24R2G835;
				ENABLE_HARDENED_RUNTIME = YES;
				PRODUCT_NAME = "$(TARGET_NAME)";
			};
			name = Debug;
		};
		81E21ADE26E5E7A500B28B9D /* Release */ = {
			isa = XCBuildConfiguration;
			buildSettings = {
				CODE_SIGN_STYLE = Automatic;
				DEVELOPMENT_TEAM = 5F24R2G835;
				ENABLE_HARDENED_RUNTIME = YES;
				PRODUCT_NAME = "$(TARGET_NAME)";
			};
			name = Release;
		};
/* End XCBuildConfiguration section */

/* Begin XCConfigurationList section */
		81E21AD026E5E7A500B28B9D /* Build configuration list for PBXProject "ClangAttributeTest" */ = {
			isa = XCConfigurationList;
			buildConfigurations = (
				81E21ADA26E5E7A500B28B9D /* Debug */,
				81E21ADB26E5E7A500B28B9D /* Release */,
			);
			defaultConfigurationIsVisible = 0;
			defaultConfigurationName = Release;
		};
		81E21ADC26E5E7A500B28B9D /* Build configuration list for PBXNativeTarget "ClangAttributeTest" */ = {
			isa = XCConfigurationList;
			buildConfigurations = (
				81E21ADD26E5E7A500B28B9D /* Debug */,
				81E21ADE26E5E7A500B28B9D /* Release */,
			);
			defaultConfigurationIsVisible = 0;
			defaultConfigurationName = Release;
		};
/* End XCConfigurationList section */
	};
	rootObject = 81E21ACD26E5E7A500B28B9D /* Project object */;
}
